
Microsoft Visual Studio Solution File, Format Version 12.00
# Visual Studio Version 16
VisualStudioVersion = 16.0.31205.134
MinimumVisualStudioVersion = 10.0.40219.1
Project("{9A19103F-16F7-4668-BE54-9A1E7A4F7556}") = "CompanyEmployees", "CompanyEmployees\CompanyEmployees.csproj", "{891C1CD4-BC27-476C-9882-BC615B0FE406}"
EndProject
Project("{9A19103F-16F7-4668-BE54-9A1E7A4F7556}") = "Contracts", "Contracts\Contracts.csproj", "{AFFC900E-A310-4347-A8A5-DEA25B04ECCA}"
EndProject
Project("{9A19103F-16F7-4668-BE54-9A1E7A4F7556}") = "LoggerService", "LoggerService\LoggerService.csproj", "{EB818036-C6FC-48F4-8953-F1326B94D691}"
EndProject
Project("{9A19103F-16F7-4668-BE54-9A1E7A4F7556}") = "Entities", "Entities\Entities.csproj", "{B0B51CFB-E864-4D13-AD66-16F3E2285A8B}"
EndProject
Project("{9A19103F-16F7-4668-BE54-9A1E7A4F7556}") = "Repository", "Repository\Repository.csproj", "{81003A17-A1C0-482A-BCD7-655E751A24B4}"
EndProject
Project("{9A19103F-16F7-4668-BE54-9A1E7A4F7556}") = "Service.Contracts", "Service\Service.Contracts.csproj", "{494AF814-4E11-4AD4-ACED-767FC3EBA8CF}"
EndProject
Project("{9A19103F-16F7-4668-BE54-9A1E7A4F7556}") = "Service", "Service.Contracts\Service.csproj", "{2007BD78-751C-4F68-B53D-46E1A4666FAD}"
EndProject
Project("{9A19103F-16F7-4668-BE54-9A1E7A4F7556}") = "Shared", "Shared\Shared.csproj", "{67D4D523-B43B-4013-B983-01F7149B62E8}"
EndProject
Project("{9A19103F-16F7-4668-BE54-9A1E7A4F7556}") = "Presentation", "Presentation\Presentation.csproj", "{22F82D91-7F36-48EB-9269-BE762200C9E9}"
EndProject
Project("{2150E333-8FDC-42A3-9474-1A3956D46DE8}") = "Domain", "Domain", "{5D2D5565-BA49-4F3C-ADED-86640A6B81D0}"
EndProject
Project("{2150E333-8FDC-42A3-9474-1A3956D46DE8}") = "Contracts", "Contracts", "{E89A2201-8FD7-4D37-A7D4-87AE9DC91319}"
EndProject
Project("{2150E333-8FDC-42A3-9474-1A3956D46DE8}") = "Infrastructure", "Infrastructure", "{E70E55E6-48A1-4EFE-8EEC-CDAB296F88BB}"
EndProject
Project("{2150E333-8FDC-42A3-9474-1A3956D46DE8}") = "Service", "Service", "{143E2E77-E10D-4254-AD6E-15CC50F7D16F}"
EndProject
Project("{2150E333-8FDC-42A3-9474-1A3956D46DE8}") = "Application", "Application", "{6C2F1704-2AEE-45A5-8EB9-8F90DBBB61F0}"
EndProject
Global
	GlobalSection(SolutionConfigurationPlatforms) = preSolution
		Debug|Any CPU = Debug|Any CPU
		Release|Any CPU = Release|Any CPU
	EndGlobalSection
	GlobalSection(ProjectConfigurationPlatforms) = postSolution
		{891C1CD4-BC27-476C-9882-BC615B0FE406}.Debug|Any CPU.ActiveCfg = Debug|Any CPU
		{891C1CD4-BC27-476C-9882-BC615B0FE406}.Debug|Any CPU.Build.0 = Debug|Any CPU
		{891C1CD4-BC27-476C-9882-BC615B0FE406}.Release|Any CPU.ActiveCfg = Release|Any CPU
		{891C1CD4-BC27-476C-9882-BC615B0FE406}.Release|Any CPU.Build.0 = Release|Any CPU
		{AFFC900E-A310-4347-A8A5-DEA25B04ECCA}.Debug|Any CPU.ActiveCfg = Debug|Any CPU
		{AFFC900E-A310-4347-A8A5-DEA25B04ECCA}.Debug|Any CPU.Build.0 = Debug|Any CPU
		{AFFC900E-A310-4347-A8A5-DEA25B04ECCA}.Release|Any CPU.ActiveCfg = Release|Any CPU
		{AFFC900E-A310-4347-A8A5-DEA25B04ECCA}.Release|Any CPU.Build.0 = Release|Any CPU
		{EB818036-C6FC-48F4-8953-F1326B94D691}.Debug|Any CPU.ActiveCfg = Debug|Any CPU
		{EB818036-C6FC-48F4-8953-F1326B94D691}.Debug|Any CPU.Build.0 = Debug|Any CPU
		{EB818036-C6FC-48F4-8953-F1326B94D691}.Release|Any CPU.ActiveCfg = Release|Any CPU
		{EB818036-C6FC-48F4-8953-F1326B94D691}.Release|Any CPU.Build.0 = Release|Any CPU
		{B0B51CFB-E864-4D13-AD66-16F3E2285A8B}.Debug|Any CPU.ActiveCfg = Debug|Any CPU
		{B0B51CFB-E864-4D13-AD66-16F3E2285A8B}.Debug|Any CPU.Build.0 = Debug|Any CPU
		{B0B51CFB-E864-4D13-AD66-16F3E2285A8B}.Release|Any CPU.ActiveCfg = Release|Any CPU
		{B0B51CFB-E864-4D13-AD66-16F3E2285A8B}.Release|Any CPU.Build.0 = Release|Any CPU
		{81003A17-A1C0-482A-BCD7-655E751A24B4}.Debug|Any CPU.ActiveCfg = Debug|Any CPU
		{81003A17-A1C0-482A-BCD7-655E751A24B4}.Debug|Any CPU.Build.0 = Debug|Any CPU
		{81003A17-A1C0-482A-BCD7-655E751A24B4}.Release|Any CPU.ActiveCfg = Release|Any CPU
		{81003A17-A1C0-482A-BCD7-655E751A24B4}.Release|Any CPU.Build.0 = Release|Any CPU
		{494AF814-4E11-4AD4-ACED-767FC3EBA8CF}.Debug|Any CPU.ActiveCfg = Debug|Any CPU
		{494AF814-4E11-4AD4-ACED-767FC3EBA8CF}.Debug|Any CPU.Build.0 = Debug|Any CPU
		{494AF814-4E11-4AD4-ACED-767FC3EBA8CF}.Release|Any CPU.ActiveCfg = Release|Any CPU
		{494AF814-4E11-4AD4-ACED-767FC3EBA8CF}.Release|Any CPU.Build.0 = Release|Any CPU
		{2007BD78-751C-4F68-B53D-46E1A4666FAD}.Debug|Any CPU.ActiveCfg = Debug|Any CPU
		{2007BD78-751C-4F68-B53D-46E1A4666FAD}.Debug|Any CPU.Build.0 = Debug|Any CPU
		{2007BD78-751C-4F68-B53D-46E1A4666FAD}.Release|Any CPU.ActiveCfg = Release|Any CPU
		{2007BD78-751C-4F68-B53D-46E1A4666FAD}.Release|Any CPU.Build.0 = Release|Any CPU
		{67D4D523-B43B-4013-B983-01F7149B62E8}.Debug|Any CPU.ActiveCfg = Debug|Any CPU
		{67D4D523-B43B-4013-B983-01F7149B62E8}.Debug|Any CPU.Build.0 = Debug|Any CPU
		{67D4D523-B43B-4013-B983-01F7149B62E8}.Release|Any CPU.ActiveCfg = Release|Any CPU
		{67D4D523-B43B-4013-B983-01F7149B62E8}.Release|Any CPU.Build.0 = Release|Any CPU
		{22F82D91-7F36-48EB-9269-BE762200C9E9}.Debug|Any CPU.ActiveCfg = Debug|Any CPU
		{22F82D91-7F36-48EB-9269-BE762200C9E9}.Debug|Any CPU.Build.0 = Debug|Any CPU
		{22F82D91-7F36-48EB-9269-BE762200C9E9}.Release|Any CPU.ActiveCfg = Release|Any CPU
		{22F82D91-7F36-48EB-9269-BE762200C9E9}.Release|Any CPU.Build.0 = Release|Any CPU
	EndGlobalSection
	GlobalSection(SolutionProperties) = preSolution
		HideSolutionNode = FALSE
	EndGlobalSection
	GlobalSection(NestedProjects) = preSolution
		{891C1CD4-BC27-476C-9882-BC615B0FE406} = {6C2F1704-2AEE-45A5-8EB9-8F90DBBB61F0}
		{AFFC900E-A310-4347-A8A5-DEA25B04ECCA} = {E89A2201-8FD7-4D37-A7D4-87AE9DC91319}
		{EB818036-C6FC-48F4-8953-F1326B94D691} = {143E2E77-E10D-4254-AD6E-15CC50F7D16F}
		{B0B51CFB-E864-4D13-AD66-16F3E2285A8B} = {5D2D5565-BA49-4F3C-ADED-86640A6B81D0}
		{81003A17-A1C0-482A-BCD7-655E751A24B4} = {143E2E77-E10D-4254-AD6E-15CC50F7D16F}
		{494AF814-4E11-4AD4-ACED-767FC3EBA8CF} = {E89A2201-8FD7-4D37-A7D4-87AE9DC91319}
		{2007BD78-751C-4F68-B53D-46E1A4666FAD} = {143E2E77-E10D-4254-AD6E-15CC50F7D16F}
		{67D4D523-B43B-4013-B983-01F7149B62E8} = {5D2D5565-BA49-4F3C-ADED-86640A6B81D0}
		{22F82D91-7F36-48EB-9269-BE762200C9E9} = {E70E55E6-48A1-4EFE-8EEC-CDAB296F88BB}
		{E89A2201-8FD7-4D37-A7D4-87AE9DC91319} = {5D2D5565-BA49-4F3C-ADED-86640A6B81D0}
	EndGlobalSection
	GlobalSection(ExtensibilityGlobals) = postSolution
		SolutionGuid = {22C33DAE-7AF1-428D-83B0-BA212CF9B2B6}
	EndGlobalSection
EndGlobal
